
Microsoft Visual Studio Solution File, Format Version 12.00
# Visual Studio Version 17
VisualStudioVersion = 17.12.35527.113
MinimumVisualStudioVersion = 10.0.40219.1
Project("{FAE04EC0-301F-11D3-BF4B-00C04F79EFBC}") = "ShiftSchedulingSystem", "ShiftSchedulingSystem\ShiftSchedulingSystem.csproj", "{8062EEF7-3AA3-4B11-A71D-176274732AF2}"
EndProject
Project("{FAE04EC0-301F-11D3-BF4B-00C04F79EFBC}") = "Contracts", "Contracts\Contracts.csproj", "{0FD039CA-AF9C-4117-885E-2B84F7D48C10}"
EndProject
Project("{FAE04EC0-301F-11D3-BF4B-00C04F79EFBC}") = "LoggerService", "LoggerService\LoggerService.csproj", "{EFE8CC9E-0433-4806-B211-D6C2DFCF3DE4}"
EndProject
Project("{FAE04EC0-301F-11D3-BF4B-00C04F79EFBC}") = "Entities", "Entities\Entities.csproj", "{9937B787-98C6-4C87-9761-1C373872637B}"
EndProject
Project("{FAE04EC0-301F-11D3-BF4B-00C04F79EFBC}") = "Repository", "Repository\Repository.csproj", "{DEF32B12-9B20-4460-80BE-47D002FC26F8}"
EndProject
Project("{FAE04EC0-301F-11D3-BF4B-00C04F79EFBC}") = "Shared", "Shared\Shared.csproj", "{0699B858-5417-4636-B518-8F70A52B9188}"
EndProject
Project("{FAE04EC0-301F-11D3-BF4B-00C04F79EFBC}") = "Service", "Service\Service.csproj", "{F3142563-4437-4F96-BE62-552900585A42}"
EndProject
Project("{FAE04EC0-301F-11D3-BF4B-00C04F79EFBC}") = "Service.Contracts", "Service.Contracts\Service.Contracts.csproj", "{64383F7C-31C0-4660-81B9-1B0DCDBF0A70}"
EndProject
Project("{FAE04EC0-301F-11D3-BF4B-00C04F79EFBC}") = "ShiftSchedulingSystem.Presentation", "ShiftSchedulingSystem.Presentation\ShiftSchedulingSystem.Presentation.csproj", "{B97BF949-80A5-49F7-BE81-4D8255E4EBEC}"
EndProject
Global
	GlobalSection(SolutionConfigurationPlatforms) = preSolution
		Debug|Any CPU = Debug|Any CPU
		Release|Any CPU = Release|Any CPU
	EndGlobalSection
	GlobalSection(ProjectConfigurationPlatforms) = postSolution
		{8062EEF7-3AA3-4B11-A71D-176274732AF2}.Debug|Any CPU.ActiveCfg = Debug|Any CPU
		{8062EEF7-3AA3-4B11-A71D-176274732AF2}.Debug|Any CPU.Build.0 = Debug|Any CPU
		{8062EEF7-3AA3-4B11-A71D-176274732AF2}.Release|Any CPU.ActiveCfg = Release|Any CPU
		{8062EEF7-3AA3-4B11-A71D-176274732AF2}.Release|Any CPU.Build.0 = Release|Any CPU
		{0FD039CA-AF9C-4117-885E-2B84F7D48C10}.Debug|Any CPU.ActiveCfg = Debug|Any CPU
		{0FD039CA-AF9C-4117-885E-2B84F7D48C10}.Debug|Any CPU.Build.0 = Debug|Any CPU
		{0FD039CA-AF9C-4117-885E-2B84F7D48C10}.Release|Any CPU.ActiveCfg = Release|Any CPU
		{0FD039CA-AF9C-4117-885E-2B84F7D48C10}.Release|Any CPU.Build.0 = Release|Any CPU
		{EFE8CC9E-0433-4806-B211-D6C2DFCF3DE4}.Debug|Any CPU.ActiveCfg = Debug|Any CPU
		{EFE8CC9E-0433-4806-B211-D6C2DFCF3DE4}.Debug|Any CPU.Build.0 = Debug|Any CPU
		{EFE8CC9E-0433-4806-B211-D6C2DFCF3DE4}.Release|Any CPU.ActiveCfg = Release|Any CPU
		{EFE8CC9E-0433-4806-B211-D6C2DFCF3DE4}.Release|Any CPU.Build.0 = Release|Any CPU
		{9937B787-98C6-4C87-9761-1C373872637B}.Debug|Any CPU.ActiveCfg = Debug|Any CPU
		{9937B787-98C6-4C87-9761-1C373872637B}.Debug|Any CPU.Build.0 = Debug|Any CPU
		{9937B787-98C6-4C87-9761-1C373872637B}.Release|Any CPU.ActiveCfg = Release|Any CPU
		{9937B787-98C6-4C87-9761-1C373872637B}.Release|Any CPU.Build.0 = Release|Any CPU
		{DEF32B12-9B20-4460-80BE-47D002FC26F8}.Debug|Any CPU.ActiveCfg = Debug|Any CPU
		{DEF32B12-9B20-4460-80BE-47D002FC26F8}.Debug|Any CPU.Build.0 = Debug|Any CPU
		{DEF32B12-9B20-4460-80BE-47D002FC26F8}.Release|Any CPU.ActiveCfg = Release|Any CPU
		{DEF32B12-9B20-4460-80BE-47D002FC26F8}.Release|Any CPU.Build.0 = Release|Any CPU
		{0699B858-5417-4636-B518-8F70A52B9188}.Debug|Any CPU.ActiveCfg = Debug|Any CPU
		{0699B858-5417-4636-B518-8F70A52B9188}.Debug|Any CPU.Build.0 = Debug|Any CPU
		{0699B858-5417-4636-B518-8F70A52B9188}.Release|Any CPU.ActiveCfg = Release|Any CPU
		{0699B858-5417-4636-B518-8F70A52B9188}.Release|Any CPU.Build.0 = Release|Any CPU
		{F3142563-4437-4F96-BE62-552900585A42}.Debug|Any CPU.ActiveCfg = Debug|Any CPU
		{F3142563-4437-4F96-BE62-552900585A42}.Debug|Any CPU.Build.0 = Debug|Any CPU
		{F3142563-4437-4F96-BE62-552900585A42}.Release|Any CPU.ActiveCfg = Release|Any CPU
		{F3142563-4437-4F96-BE62-552900585A42}.Release|Any CPU.Build.0 = Release|Any CPU
		{64383F7C-31C0-4660-81B9-1B0DCDBF0A70}.Debug|Any CPU.ActiveCfg = Debug|Any CPU
		{64383F7C-31C0-4660-81B9-1B0DCDBF0A70}.Debug|Any CPU.Build.0 = Debug|Any CPU
		{64383F7C-31C0-4660-81B9-1B0DCDBF0A70}.Release|Any CPU.ActiveCfg = Release|Any CPU
		{64383F7C-31C0-4660-81B9-1B0DCDBF0A70}.Release|Any CPU.Build.0 = Release|Any CPU
		{B97BF949-80A5-49F7-BE81-4D8255E4EBEC}.Debug|Any CPU.ActiveCfg = Debug|Any CPU
		{B97BF949-80A5-49F7-BE81-4D8255E4EBEC}.Debug|Any CPU.Build.0 = Debug|Any CPU
		{B97BF949-80A5-49F7-BE81-4D8255E4EBEC}.Release|Any CPU.ActiveCfg = Release|Any CPU
		{B97BF949-80A5-49F7-BE81-4D8255E4EBEC}.Release|Any CPU.Build.0 = Release|Any CPU
	EndGlobalSection
	GlobalSection(SolutionProperties) = preSolution
		HideSolutionNode = FALSE
	EndGlobalSection
EndGlobal
